<?xml version="1.0" encoding="utf-8"?>
<Project ToolsVersion="17.0" xmlns="http://schemas.microsoft.com/developer/msbuild/2003">
  <ItemGroup>
    <ClCompile Include="C:\Users\etreh\Documents\Programming\Otus\C++_Developer_2023_06\Basic\lesson_14\otus_cpp_basic_hw6\source\main.cpp">
      <Filter>Source Files</Filter>
    </ClCompile>
    <ClCompile Include="C:\Users\etreh\Documents\Programming\Otus\C++_Developer_2023_06\Basic\lesson_14\otus_cpp_basic_hw6\source\u_vector.cpp">
      <Filter>Source Files</Filter>
    </ClCompile>
    <ClCompile Include="C:\Users\etreh\Documents\Programming\Otus\C++_Developer_2023_06\Basic\lesson_14\otus_cpp_basic_hw6\source\u_list.cpp">
      <Filter>Source Files</Filter>
    </ClCompile>
    <ClCompile Include="C:\Users\etreh\Documents\Programming\Otus\C++_Developer_2023_06\Basic\lesson_14\otus_cpp_basic_hw6\source\u_forward_list.cpp">
      <Filter>Source Files</Filter>
    </ClCompile>
  </ItemGroup>
  <ItemGroup>
    <ClInclude Include="C:\Users\etreh\Documents\Programming\Otus\C++_Developer_2023_06\Basic\lesson_14\otus_cpp_basic_hw6\source\main.h">
      <Filter>Header Files</Filter>
    </ClInclude>
    <ClInclude Include="C:\Users\etreh\Documents\Programming\Otus\C++_Developer_2023_06\Basic\lesson_14\otus_cpp_basic_hw6\source\u_vector.h">
      <Filter>Header Files</Filter>
    </ClInclude>
    <ClInclude Include="C:\Users\etreh\Documents\Programming\Otus\C++_Developer_2023_06\Basic\lesson_14\otus_cpp_basic_hw6\source\u_list.h">
      <Filter>Header Files</Filter>
    </ClInclude>
    <ClInclude Include="C:\Users\etreh\Documents\Programming\Otus\C++_Developer_2023_06\Basic\lesson_14\otus_cpp_basic_hw6\source\u_forward_list.h">
      <Filter>Header Files</Filter>
    </ClInclude>
  </ItemGroup>
  <ItemGroup>
    <CustomBuild Include="C:\Users\etreh\Documents\Programming\Otus\C++_Developer_2023_06\Basic\lesson_14\otus_cpp_basic_hw6\source\CMakeLists.txt" />
  </ItemGroup>
  <ItemGroup>
    <Filter Include="Header Files">
      <UniqueIdentifier>{2ECCDD58-127C-3C40-8A2F-D10BCEFC383D}</UniqueIdentifier>
    </Filter>
    <Filter Include="Source Files">
      <UniqueIdentifier>{DE425FF3-74AF-3762-8CC5-770CC2770A96}</UniqueIdentifier>
    </Filter>
  </ItemGroup>
</Project>
